
Microsoft Visual Studio Solution File, Format Version 12.00
# Visual Studio 14
VisualStudioVersion = 14.0.25420.1
MinimumVisualStudioVersion = 10.0.40219.1
Project("{FAE04EC0-301F-11D3-BF4B-00C04F79EFBC}") = "BooleanCalculatorKata", "BooleanCalculatorKata\BooleanCalculatorKata.csproj", "{6D4E9C8A-1DCB-4DD9-A868-345F7D369058}"
EndProject
Project("{FAE04EC0-301F-11D3-BF4B-00C04F79EFBC}") = "BooleanCalculatorKata.UnitTests", "BooleanCalculatorKata.UnitTests\BooleanCalculatorKata.UnitTests.csproj", "{28072D8C-0B62-4454-9BDA-730700452936}"
EndProject
Project("{2150E333-8FDC-42A3-9474-1A3956D46DE8}") = "Tests", "Tests", "{E0342613-DB71-416D-A272-FD6E13E71669}"
EndProject
Project("{2150E333-8FDC-42A3-9474-1A3956D46DE8}") = "App", "App", "{39C0EEF7-A057-4A76-81E9-1E78AE4220F7}"
EndProject
Project("{FAE04EC0-301F-11D3-BF4B-00C04F79EFBC}") = "BooleanCalculatorKata.AcceptanceTests", "BooleanCalculatorKata.AcceptanceTests\BooleanCalculatorKata.AcceptanceTests.csproj", "{9C2C7340-4C50-4D1D-919C-49B4316DB54D}"
EndProject
Project("{2150E333-8FDC-42A3-9474-1A3956D46DE8}") = "Solution Items", "Solution Items", "{1E0EFDDC-64CC-4968-AF4F-8705E11CD687}"
	ProjectSection(SolutionItems) = preProject
		README.md = README.md
	EndProjectSection
EndProject
Global
	GlobalSection(SolutionConfigurationPlatforms) = preSolution
		Debug|Any CPU = Debug|Any CPU
		Release|Any CPU = Release|Any CPU
	EndGlobalSection
	GlobalSection(ProjectConfigurationPlatforms) = postSolution
		{6D4E9C8A-1DCB-4DD9-A868-345F7D369058}.Debug|Any CPU.ActiveCfg = Debug|Any CPU
		{6D4E9C8A-1DCB-4DD9-A868-345F7D369058}.Debug|Any CPU.Build.0 = Debug|Any CPU
		{6D4E9C8A-1DCB-4DD9-A868-345F7D369058}.Release|Any CPU.ActiveCfg = Release|Any CPU
		{6D4E9C8A-1DCB-4DD9-A868-345F7D369058}.Release|Any CPU.Build.0 = Release|Any CPU
		{28072D8C-0B62-4454-9BDA-730700452936}.Debug|Any CPU.ActiveCfg = Debug|Any CPU
		{28072D8C-0B62-4454-9BDA-730700452936}.Debug|Any CPU.Build.0 = Debug|Any CPU
		{28072D8C-0B62-4454-9BDA-730700452936}.Release|Any CPU.ActiveCfg = Release|Any CPU
		{28072D8C-0B62-4454-9BDA-730700452936}.Release|Any CPU.Build.0 = Release|Any CPU
		{9C2C7340-4C50-4D1D-919C-49B4316DB54D}.Debug|Any CPU.ActiveCfg = Debug|Any CPU
		{9C2C7340-4C50-4D1D-919C-49B4316DB54D}.Debug|Any CPU.Build.0 = Debug|Any CPU
		{9C2C7340-4C50-4D1D-919C-49B4316DB54D}.Release|Any CPU.ActiveCfg = Release|Any CPU
		{9C2C7340-4C50-4D1D-919C-49B4316DB54D}.Release|Any CPU.Build.0 = Release|Any CPU
	EndGlobalSection
	GlobalSection(SolutionProperties) = preSolution
		HideSolutionNode = FALSE
	EndGlobalSection
	GlobalSection(NestedProjects) = preSolution
		{6D4E9C8A-1DCB-4DD9-A868-345F7D369058} = {39C0EEF7-A057-4A76-81E9-1E78AE4220F7}
		{28072D8C-0B62-4454-9BDA-730700452936} = {E0342613-DB71-416D-A272-FD6E13E71669}
		{9C2C7340-4C50-4D1D-919C-49B4316DB54D} = {E0342613-DB71-416D-A272-FD6E13E71669}
	EndGlobalSection
EndGlobal
